
Microsoft Visual Studio Solution File, Format Version 11.00
# Visual Studio 2010
Project("{FAE04EC0-301F-11D3-BF4B-00C04F79EFBC}") = "ppt.web", "source\ppt.web\ppt.web.csproj", "{F91340A4-0DF6-4518-BC3D-70512A095CE8}"
EndProject
Project("{FAE04EC0-301F-11D3-BF4B-00C04F79EFBC}") = "ppt.domain", "ppt.domain\ppt.domain.csproj", "{78D5594A-4E20-4F95-9844-D5EDECD84AE0}"
EndProject
Global
	GlobalSection(SolutionConfigurationPlatforms) = preSolution
		Debug|Any CPU = Debug|Any CPU
		Release|Any CPU = Release|Any CPU
	EndGlobalSection
	GlobalSection(ProjectConfigurationPlatforms) = postSolution
		{F91340A4-0DF6-4518-BC3D-70512A095CE8}.Debug|Any CPU.ActiveCfg = Debug|Any CPU
		{F91340A4-0DF6-4518-BC3D-70512A095CE8}.Debug|Any CPU.Build.0 = Debug|Any CPU
		{F91340A4-0DF6-4518-BC3D-70512A095CE8}.Release|Any CPU.ActiveCfg = Release|Any CPU
		{F91340A4-0DF6-4518-BC3D-70512A095CE8}.Release|Any CPU.Build.0 = Release|Any CPU
		{78D5594A-4E20-4F95-9844-D5EDECD84AE0}.Debug|Any CPU.ActiveCfg = Debug|Any CPU
		{78D5594A-4E20-4F95-9844-D5EDECD84AE0}.Debug|Any CPU.Build.0 = Debug|Any CPU
		{78D5594A-4E20-4F95-9844-D5EDECD84AE0}.Release|Any CPU.ActiveCfg = Release|Any CPU
		{78D5594A-4E20-4F95-9844-D5EDECD84AE0}.Release|Any CPU.Build.0 = Release|Any CPU
	EndGlobalSection
	GlobalSection(SolutionProperties) = preSolution
		HideSolutionNode = FALSE
	EndGlobalSection
EndGlobal
